
Microsoft Visual Studio Solution File, Format Version 12.00
# Visual Studio 15
VisualStudioVersion = 15.0.28010.2026
MinimumVisualStudioVersion = 10.0.40219.1
Project("{FAE04EC0-301F-11D3-BF4B-00C04F79EFBC}") = "WCFDuplex.Server", "WCFDuplex.Server.csproj", "{67A46F5D-CE64-49A0-AD4A-B305241A0126}"
EndProject
Project("{FAE04EC0-301F-11D3-BF4B-00C04F79EFBC}") = "WCFDuplex.Host", "..\WCFDuplex.Host\WCFDuplex.Host.csproj", "{F0A9E172-2FF9-40B3-871E-6497585C0094}"
EndProject
Global
	GlobalSection(SolutionConfigurationPlatforms) = preSolution
		Debug|Any CPU = Debug|Any CPU
		Release|Any CPU = Release|Any CPU
	EndGlobalSection
	GlobalSection(ProjectConfigurationPlatforms) = postSolution
		{67A46F5D-CE64-49A0-AD4A-B305241A0126}.Debug|Any CPU.ActiveCfg = Debug|Any CPU
		{67A46F5D-CE64-49A0-AD4A-B305241A0126}.Debug|Any CPU.Build.0 = Debug|Any CPU
		{67A46F5D-CE64-49A0-AD4A-B305241A0126}.Release|Any CPU.ActiveCfg = Release|Any CPU
		{67A46F5D-CE64-49A0-AD4A-B305241A0126}.Release|Any CPU.Build.0 = Release|Any CPU
		{F0A9E172-2FF9-40B3-871E-6497585C0094}.Debug|Any CPU.ActiveCfg = Debug|Any CPU
		{F0A9E172-2FF9-40B3-871E-6497585C0094}.Debug|Any CPU.Build.0 = Debug|Any CPU
		{F0A9E172-2FF9-40B3-871E-6497585C0094}.Release|Any CPU.ActiveCfg = Release|Any CPU
		{F0A9E172-2FF9-40B3-871E-6497585C0094}.Release|Any CPU.Build.0 = Release|Any CPU
	EndGlobalSection
	GlobalSection(SolutionProperties) = preSolution
		HideSolutionNode = FALSE
	EndGlobalSection
	GlobalSection(ExtensibilityGlobals) = postSolution
		SolutionGuid = {AC2F6386-1798-40E1-B50F-07C63D4700FD}
	EndGlobalSection
EndGlobal
